{
    "_readme": [
        "This file locks the dependencies of your project to a known state",
        "Read more about it at https://getcomposer.org/doc/01-basic-usage.md#installing-dependencies",
        "This file is @generated automatically"
    ],
    "content-hash": "7a3c209b16f1474fcaba8a0a85756a2b",
    "packages": [
        {
            "name": "afragen/singleton",
            "version": "dev-master",
            "source": {
                "type": "git",
                "url": "https://github.com/afragen/singleton.git",
                "reference": "be8e3c3b3a53ba30db9f77f5b3bcf2d5e58ed9c0"
            },
            "dist": {
                "type": "zip",
                "url": "https://api.github.com/repos/afragen/singleton/zipball/be8e3c3b3a53ba30db9f77f5b3bcf2d5e58ed9c0",
                "reference": "be8e3c3b3a53ba30db9f77f5b3bcf2d5e58ed9c0",
                "shasum": ""
            },
            "require": {
                "php": ">=5.4"
            },
            "default-branch": true,
            "type": "library",
            "autoload": {
                "classmap": [
                    "Singleton.php"
                ]
            },
            "notification-url": "https://packagist.org/downloads/",
            "license": [
                "MIT"
            ],
            "authors": [
                {
                    "name": "Andy Fragen",
                    "email": "andy@thefragens.com",
                    "homepage": "https://github.com/afragen/singleton",
                    "role": "Developer"
                }
            ],
            "description": "A singleton static proxy generator.",
            "keywords": [
                "singleton",
                "wordpress"
            ],
            "support": {
                "issues": "https://github.com/afragen/singleton/issues",
                "source": "https://github.com/afragen/singleton/tree/master"
            },
            "time": "2020-12-24T03:45:00+00:00"
        }
    ],
    "packages-dev": [],
    "aliases": [],
    "minimum-stability": "stable",
    "stability-flags": {
        "afragen/singleton": 20
    },
    "prefer-stable": true,
    "prefer-lowest": false,
    "platform": {
        "php": ">=5.6"
    },
    "platform-dev": [],
    "plugin-api-version": "2.3.0"
}
